
Microsoft Visual Studio Solution File, Format Version 12.00
# Visual Studio Version 17
VisualStudioVersion = 17.14.36414.22
MinimumVisualStudioVersion = 10.0.40219.1
Project("{2150E333-8FDC-42A3-9474-1A3956D46DE8}") = "apps", "apps", "{02EA681E-C7D8-13C7-8484-4AC65E1B71E8}"
EndProject
Project("{2150E333-8FDC-42A3-9474-1A3956D46DE8}") = "packages", "packages", "{C51DF81D-E13A-40E1-B828-4CBCD572A1D2}"
EndProject
Project("{2150E333-8FDC-42A3-9474-1A3956D46DE8}") = "gateways", "gateways", "{58208160-EAC1-4F72-A8AA-E03807733C93}"
EndProject
Project("{2150E333-8FDC-42A3-9474-1A3956D46DE8}") = "services", "services", "{DDA531B7-7EC6-4A31-B34C-126C1E029E00}"
EndProject
Project("{2150E333-8FDC-42A3-9474-1A3956D46DE8}") = "shared", "shared", "{33D23FDD-567F-49CE-AE10-8ADE834DECAE}"
EndProject
Project("{FAE04EC0-301F-11D3-BF4B-00C04F79EFBC}") = "SharedKernel", "SharedKernel\SharedKernel.csproj", "{E68FA0BA-F0A4-F704-5156-C748B031AB9D}"
EndProject
Project("{FAE04EC0-301F-11D3-BF4B-00C04F79EFBC}") = "UseCases.Common", "UseCases.Common\UseCases.Common.csproj", "{F3B2F141-3D67-0DEF-8532-1F3110C5502B}"
EndProject
Project("{FAE04EC0-301F-11D3-BF4B-00C04F79EFBC}") = "Infrastructure.Common", "Infrastructure.Common\Infrastructure.Common.csproj", "{8F71926B-38B3-03F7-DACE-C01257EAEC9D}"
EndProject
Project("{FAE04EC0-301F-11D3-BF4B-00C04F79EFBC}") = "Infrastructure.EntityFrameworkCore", "Infrastructure.EntityFrameworkCore\Infrastructure.EntityFrameworkCore.csproj", "{2FC50446-DE64-61A4-D3A6-D90CAA0F2710}"
EndProject
Project("{FAE04EC0-301F-11D3-BF4B-00C04F79EFBC}") = "Common.HttpApi", "Common.HttpApi\Common.HttpApi.csproj", "{6842157E-A4B8-99A0-E889-D12C43BD0016}"
EndProject
Project("{2150E333-8FDC-42A3-9474-1A3956D46DE8}") = "user", "user", "{9E088152-7FB3-4F1F-A965-5312A85371F1}"
EndProject
Project("{2150E333-8FDC-42A3-9474-1A3956D46DE8}") = "src", "src", "{3E5CA789-17F6-41C5-B37B-6C301E359EFD}"
EndProject
Project("{2150E333-8FDC-42A3-9474-1A3956D46DE8}") = "test", "test", "{5DC64455-BBA5-481E-AF35-9F5DAC263D0B}"
EndProject
Project("{FAE04EC0-301F-11D3-BF4B-00C04F79EFBC}") = "UserService.HttpApi", "UserService.HttpApi\UserService.HttpApi.csproj", "{4CFE8AC4-1788-DA16-BB98-E9944A60BA77}"
EndProject
Project("{FAE04EC0-301F-11D3-BF4B-00C04F79EFBC}") = "UserService.Infrastructure", "UserService.Infrastructure\UserService.Infrastructure.csproj", "{CDEBC20E-23B3-B67D-0A4E-BE2DE33CECEC}"
EndProject
Project("{FAE04EC0-301F-11D3-BF4B-00C04F79EFBC}") = "UserService.UseCases", "UserService.UseCases\UserService.UseCases.csproj", "{0F254855-B642-188B-E3DE-B909CED52B16}"
EndProject
Project("{FAE04EC0-301F-11D3-BF4B-00C04F79EFBC}") = "UserService.Core", "MSACommerce.UserService.Core\UserService.Core.csproj", "{529DF790-FA35-A87D-2581-BDAC5CB768E2}"
EndProject
Project("{FAE04EC0-301F-11D3-BF4B-00C04F79EFBC}") = "Authentication.JwtBearer", "Authentication.JwtBearer\Authentication.JwtBearer.csproj", "{039BAABB-585D-618D-17B1-2E5DC8DAD83A}"
EndProject
Project("{FAE04EC0-301F-11D3-BF4B-00C04F79EFBC}") = "Common.Consul", "Common.Consul\Common.Consul.csproj", "{B7E81747-1355-FB4A-FB1C-DA047D435559}"
EndProject
Project("{FAE04EC0-301F-11D3-BF4B-00C04F79EFBC}") = "CommonServiceClient", "CommonServiceClient\CommonServiceClient.csproj", "{FD44DADB-BF26-438D-9C42-C9F60A1B7210}"
EndProject
Global
	GlobalSection(SolutionConfigurationPlatforms) = preSolution
		Debug|Any CPU = Debug|Any CPU
		Release|Any CPU = Release|Any CPU
	EndGlobalSection
	GlobalSection(ProjectConfigurationPlatforms) = postSolution
		{E68FA0BA-F0A4-F704-5156-C748B031AB9D}.Debug|Any CPU.ActiveCfg = Debug|Any CPU
		{E68FA0BA-F0A4-F704-5156-C748B031AB9D}.Debug|Any CPU.Build.0 = Debug|Any CPU
		{E68FA0BA-F0A4-F704-5156-C748B031AB9D}.Release|Any CPU.ActiveCfg = Release|Any CPU
		{E68FA0BA-F0A4-F704-5156-C748B031AB9D}.Release|Any CPU.Build.0 = Release|Any CPU
		{F3B2F141-3D67-0DEF-8532-1F3110C5502B}.Debug|Any CPU.ActiveCfg = Debug|Any CPU
		{F3B2F141-3D67-0DEF-8532-1F3110C5502B}.Debug|Any CPU.Build.0 = Debug|Any CPU
		{F3B2F141-3D67-0DEF-8532-1F3110C5502B}.Release|Any CPU.ActiveCfg = Release|Any CPU
		{F3B2F141-3D67-0DEF-8532-1F3110C5502B}.Release|Any CPU.Build.0 = Release|Any CPU
		{8F71926B-38B3-03F7-DACE-C01257EAEC9D}.Debug|Any CPU.ActiveCfg = Debug|Any CPU
		{8F71926B-38B3-03F7-DACE-C01257EAEC9D}.Debug|Any CPU.Build.0 = Debug|Any CPU
		{8F71926B-38B3-03F7-DACE-C01257EAEC9D}.Release|Any CPU.ActiveCfg = Release|Any CPU
		{8F71926B-38B3-03F7-DACE-C01257EAEC9D}.Release|Any CPU.Build.0 = Release|Any CPU
		{2FC50446-DE64-61A4-D3A6-D90CAA0F2710}.Debug|Any CPU.ActiveCfg = Debug|Any CPU
		{2FC50446-DE64-61A4-D3A6-D90CAA0F2710}.Debug|Any CPU.Build.0 = Debug|Any CPU
		{2FC50446-DE64-61A4-D3A6-D90CAA0F2710}.Release|Any CPU.ActiveCfg = Release|Any CPU
		{2FC50446-DE64-61A4-D3A6-D90CAA0F2710}.Release|Any CPU.Build.0 = Release|Any CPU
		{6842157E-A4B8-99A0-E889-D12C43BD0016}.Debug|Any CPU.ActiveCfg = Debug|Any CPU
		{6842157E-A4B8-99A0-E889-D12C43BD0016}.Debug|Any CPU.Build.0 = Debug|Any CPU
		{6842157E-A4B8-99A0-E889-D12C43BD0016}.Release|Any CPU.ActiveCfg = Release|Any CPU
		{6842157E-A4B8-99A0-E889-D12C43BD0016}.Release|Any CPU.Build.0 = Release|Any CPU
		{4CFE8AC4-1788-DA16-BB98-E9944A60BA77}.Debug|Any CPU.ActiveCfg = Debug|Any CPU
		{4CFE8AC4-1788-DA16-BB98-E9944A60BA77}.Debug|Any CPU.Build.0 = Debug|Any CPU
		{4CFE8AC4-1788-DA16-BB98-E9944A60BA77}.Release|Any CPU.ActiveCfg = Release|Any CPU
		{4CFE8AC4-1788-DA16-BB98-E9944A60BA77}.Release|Any CPU.Build.0 = Release|Any CPU
		{CDEBC20E-23B3-B67D-0A4E-BE2DE33CECEC}.Debug|Any CPU.ActiveCfg = Debug|Any CPU
		{CDEBC20E-23B3-B67D-0A4E-BE2DE33CECEC}.Debug|Any CPU.Build.0 = Debug|Any CPU
		{CDEBC20E-23B3-B67D-0A4E-BE2DE33CECEC}.Release|Any CPU.ActiveCfg = Release|Any CPU
		{CDEBC20E-23B3-B67D-0A4E-BE2DE33CECEC}.Release|Any CPU.Build.0 = Release|Any CPU
		{0F254855-B642-188B-E3DE-B909CED52B16}.Debug|Any CPU.ActiveCfg = Debug|Any CPU
		{0F254855-B642-188B-E3DE-B909CED52B16}.Debug|Any CPU.Build.0 = Debug|Any CPU
		{0F254855-B642-188B-E3DE-B909CED52B16}.Release|Any CPU.ActiveCfg = Release|Any CPU
		{0F254855-B642-188B-E3DE-B909CED52B16}.Release|Any CPU.Build.0 = Release|Any CPU
		{529DF790-FA35-A87D-2581-BDAC5CB768E2}.Debug|Any CPU.ActiveCfg = Debug|Any CPU
		{529DF790-FA35-A87D-2581-BDAC5CB768E2}.Debug|Any CPU.Build.0 = Debug|Any CPU
		{529DF790-FA35-A87D-2581-BDAC5CB768E2}.Release|Any CPU.ActiveCfg = Release|Any CPU
		{529DF790-FA35-A87D-2581-BDAC5CB768E2}.Release|Any CPU.Build.0 = Release|Any CPU
		{039BAABB-585D-618D-17B1-2E5DC8DAD83A}.Debug|Any CPU.ActiveCfg = Debug|Any CPU
		{039BAABB-585D-618D-17B1-2E5DC8DAD83A}.Debug|Any CPU.Build.0 = Debug|Any CPU
		{039BAABB-585D-618D-17B1-2E5DC8DAD83A}.Release|Any CPU.ActiveCfg = Release|Any CPU
		{039BAABB-585D-618D-17B1-2E5DC8DAD83A}.Release|Any CPU.Build.0 = Release|Any CPU
		{B7E81747-1355-FB4A-FB1C-DA047D435559}.Debug|Any CPU.ActiveCfg = Debug|Any CPU
		{B7E81747-1355-FB4A-FB1C-DA047D435559}.Debug|Any CPU.Build.0 = Debug|Any CPU
		{B7E81747-1355-FB4A-FB1C-DA047D435559}.Release|Any CPU.ActiveCfg = Release|Any CPU
		{B7E81747-1355-FB4A-FB1C-DA047D435559}.Release|Any CPU.Build.0 = Release|Any CPU
		{FD44DADB-BF26-438D-9C42-C9F60A1B7210}.Debug|Any CPU.ActiveCfg = Debug|Any CPU
		{FD44DADB-BF26-438D-9C42-C9F60A1B7210}.Debug|Any CPU.Build.0 = Debug|Any CPU
		{FD44DADB-BF26-438D-9C42-C9F60A1B7210}.Release|Any CPU.ActiveCfg = Release|Any CPU
		{FD44DADB-BF26-438D-9C42-C9F60A1B7210}.Release|Any CPU.Build.0 = Release|Any CPU
	EndGlobalSection
	GlobalSection(SolutionProperties) = preSolution
		HideSolutionNode = FALSE
	EndGlobalSection
	GlobalSection(NestedProjects) = preSolution
		{E68FA0BA-F0A4-F704-5156-C748B031AB9D} = {33D23FDD-567F-49CE-AE10-8ADE834DECAE}
		{F3B2F141-3D67-0DEF-8532-1F3110C5502B} = {33D23FDD-567F-49CE-AE10-8ADE834DECAE}
		{8F71926B-38B3-03F7-DACE-C01257EAEC9D} = {33D23FDD-567F-49CE-AE10-8ADE834DECAE}
		{2FC50446-DE64-61A4-D3A6-D90CAA0F2710} = {33D23FDD-567F-49CE-AE10-8ADE834DECAE}
		{6842157E-A4B8-99A0-E889-D12C43BD0016} = {33D23FDD-567F-49CE-AE10-8ADE834DECAE}
		{9E088152-7FB3-4F1F-A965-5312A85371F1} = {DDA531B7-7EC6-4A31-B34C-126C1E029E00}
		{3E5CA789-17F6-41C5-B37B-6C301E359EFD} = {9E088152-7FB3-4F1F-A965-5312A85371F1}
		{5DC64455-BBA5-481E-AF35-9F5DAC263D0B} = {9E088152-7FB3-4F1F-A965-5312A85371F1}
		{4CFE8AC4-1788-DA16-BB98-E9944A60BA77} = {3E5CA789-17F6-41C5-B37B-6C301E359EFD}
		{CDEBC20E-23B3-B67D-0A4E-BE2DE33CECEC} = {3E5CA789-17F6-41C5-B37B-6C301E359EFD}
		{0F254855-B642-188B-E3DE-B909CED52B16} = {3E5CA789-17F6-41C5-B37B-6C301E359EFD}
		{529DF790-FA35-A87D-2581-BDAC5CB768E2} = {3E5CA789-17F6-41C5-B37B-6C301E359EFD}
		{039BAABB-585D-618D-17B1-2E5DC8DAD83A} = {C51DF81D-E13A-40E1-B828-4CBCD572A1D2}
		{B7E81747-1355-FB4A-FB1C-DA047D435559} = {C51DF81D-E13A-40E1-B828-4CBCD572A1D2}
		{FD44DADB-BF26-438D-9C42-C9F60A1B7210} = {C51DF81D-E13A-40E1-B828-4CBCD572A1D2}
	EndGlobalSection
	GlobalSection(ExtensibilityGlobals) = postSolution
		SolutionGuid = {939BAD45-5CFC-401E-8518-F0941775BEFF}
	EndGlobalSection
EndGlobal
