
Microsoft Visual Studio Solution File, Format Version 12.00
# Visual Studio Version 17
VisualStudioVersion = 17.12.35527.113
MinimumVisualStudioVersion = 10.0.40219.1
Project("{FAE04EC0-301F-11D3-BF4B-00C04F79EFBC}") = "UserService.Core", "UserService.Core.csproj", "{A31B0701-3FE2-4206-AF15-0ADBC837FDF3}"
EndProject
Project("{2150E333-8FDC-42A3-9474-1A3956D46DE8}") = "shared", "shared", "{EA4F1D3D-01D4-4044-9F85-77DA47CD158B}"
EndProject
Project("{FAE04EC0-301F-11D3-BF4B-00C04F79EFBC}") = "SharedKernel", "..\SharedKernel\SharedKernel.csproj", "{DBF2F415-EA2E-41E6-B943-939968505988}"
EndProject
Project("{FAE04EC0-301F-11D3-BF4B-00C04F79EFBC}") = "Infrastructure.EntityFrameworkCore", "..\Infrastructure.EntityFrameworkCore\Infrastructure.EntityFrameworkCore.csproj", "{9960B96D-39FC-4271-8343-09BC7C466D49}"
EndProject
Project("{FAE04EC0-301F-11D3-BF4B-00C04F79EFBC}") = "Infrastructure.Common", "..\Infrastructure.Common\Infrastructure.Common.csproj", "{5B1D5E00-9A41-4A3C-AC43-6ACDA3914B20}"
EndProject
Project("{FAE04EC0-301F-11D3-BF4B-00C04F79EFBC}") = "UseCases.Common", "..\UseCases.Common\UseCases.Common.csproj", "{F8F2A9C7-CA62-4CDF-83F5-782770D56A94}"
EndProject
Project("{2150E333-8FDC-42A3-9474-1A3956D46DE8}") = "pakages", "pakages", "{A1611BEF-338B-4817-AB8C-35D17D4BBD1D}"
EndProject
Project("{FAE04EC0-301F-11D3-BF4B-00C04F79EFBC}") = "Common.Consul", "..\Common.Consul\Common.Consul.csproj", "{62AF1417-FB78-4037-9B90-385E3D9BE325}"
EndProject
Project("{2150E333-8FDC-42A3-9474-1A3956D46DE8}") = "services", "services", "{9A07657E-BCA5-4400-9474-DCB846148673}"
EndProject
Project("{2150E333-8FDC-42A3-9474-1A3956D46DE8}") = "user", "user", "{06BF29A9-2B8D-424B-8F4C-ACA7F829BD37}"
EndProject
Project("{2150E333-8FDC-42A3-9474-1A3956D46DE8}") = "src", "src", "{1D447637-AC20-4353-A902-5A12C5488391}"
EndProject
Project("{2150E333-8FDC-42A3-9474-1A3956D46DE8}") = "test", "test", "{0F08E9F9-3A8F-4E92-AD02-86C15F563A4E}"
EndProject
Project("{FAE04EC0-301F-11D3-BF4B-00C04F79EFBC}") = "UserService.Infrastructure", "..\UserService.Infrastructure\UserService.Infrastructure.csproj", "{375A5013-143E-4283-B2F0-2E36497A687B}"
EndProject
Project("{FAE04EC0-301F-11D3-BF4B-00C04F79EFBC}") = "UserService.HttpApi", "..\UserService.HttpApi\UserService.HttpApi.csproj", "{7C39F765-F5C1-43D8-8B50-ECADF412E61B}"
EndProject
Project("{FAE04EC0-301F-11D3-BF4B-00C04F79EFBC}") = "Common.HttpApi", "..\Common.HttpApi\Common.HttpApi.csproj", "{54D7B21B-CC82-43FC-A1F6-DBB7DAF0A0A0}"
EndProject
Project("{FAE04EC0-301F-11D3-BF4B-00C04F79EFBC}") = "UserService.UseCases", "..\UserService.UseCases\UserService.UseCases.csproj", "{BC80D61C-AEC4-4573-8CE7-DDC8A6A8FD8A}"
EndProject
Project("{FAE04EC0-301F-11D3-BF4B-00C04F79EFBC}") = "Authentication.JwtBearer", "..\Authentication.JwtBearer\Authentication.JwtBearer.csproj", "{A97CDBAC-2BD6-4FAD-8F49-35F9E112AF0C}"
EndProject
Global
	GlobalSection(SolutionConfigurationPlatforms) = preSolution
		Debug|Any CPU = Debug|Any CPU
		Release|Any CPU = Release|Any CPU
	EndGlobalSection
	GlobalSection(ProjectConfigurationPlatforms) = postSolution
		{A31B0701-3FE2-4206-AF15-0ADBC837FDF3}.Debug|Any CPU.ActiveCfg = Debug|Any CPU
		{A31B0701-3FE2-4206-AF15-0ADBC837FDF3}.Debug|Any CPU.Build.0 = Debug|Any CPU
		{A31B0701-3FE2-4206-AF15-0ADBC837FDF3}.Release|Any CPU.ActiveCfg = Release|Any CPU
		{A31B0701-3FE2-4206-AF15-0ADBC837FDF3}.Release|Any CPU.Build.0 = Release|Any CPU
		{DBF2F415-EA2E-41E6-B943-939968505988}.Debug|Any CPU.ActiveCfg = Debug|Any CPU
		{DBF2F415-EA2E-41E6-B943-939968505988}.Debug|Any CPU.Build.0 = Debug|Any CPU
		{DBF2F415-EA2E-41E6-B943-939968505988}.Release|Any CPU.ActiveCfg = Release|Any CPU
		{DBF2F415-EA2E-41E6-B943-939968505988}.Release|Any CPU.Build.0 = Release|Any CPU
		{9960B96D-39FC-4271-8343-09BC7C466D49}.Debug|Any CPU.ActiveCfg = Debug|Any CPU
		{9960B96D-39FC-4271-8343-09BC7C466D49}.Debug|Any CPU.Build.0 = Debug|Any CPU
		{9960B96D-39FC-4271-8343-09BC7C466D49}.Release|Any CPU.ActiveCfg = Release|Any CPU
		{9960B96D-39FC-4271-8343-09BC7C466D49}.Release|Any CPU.Build.0 = Release|Any CPU
		{5B1D5E00-9A41-4A3C-AC43-6ACDA3914B20}.Debug|Any CPU.ActiveCfg = Debug|Any CPU
		{5B1D5E00-9A41-4A3C-AC43-6ACDA3914B20}.Debug|Any CPU.Build.0 = Debug|Any CPU
		{5B1D5E00-9A41-4A3C-AC43-6ACDA3914B20}.Release|Any CPU.ActiveCfg = Release|Any CPU
		{5B1D5E00-9A41-4A3C-AC43-6ACDA3914B20}.Release|Any CPU.Build.0 = Release|Any CPU
		{F8F2A9C7-CA62-4CDF-83F5-782770D56A94}.Debug|Any CPU.ActiveCfg = Debug|Any CPU
		{F8F2A9C7-CA62-4CDF-83F5-782770D56A94}.Debug|Any CPU.Build.0 = Debug|Any CPU
		{F8F2A9C7-CA62-4CDF-83F5-782770D56A94}.Release|Any CPU.ActiveCfg = Release|Any CPU
		{F8F2A9C7-CA62-4CDF-83F5-782770D56A94}.Release|Any CPU.Build.0 = Release|Any CPU
		{62AF1417-FB78-4037-9B90-385E3D9BE325}.Debug|Any CPU.ActiveCfg = Debug|Any CPU
		{62AF1417-FB78-4037-9B90-385E3D9BE325}.Debug|Any CPU.Build.0 = Debug|Any CPU
		{62AF1417-FB78-4037-9B90-385E3D9BE325}.Release|Any CPU.ActiveCfg = Release|Any CPU
		{62AF1417-FB78-4037-9B90-385E3D9BE325}.Release|Any CPU.Build.0 = Release|Any CPU
		{375A5013-143E-4283-B2F0-2E36497A687B}.Debug|Any CPU.ActiveCfg = Debug|Any CPU
		{375A5013-143E-4283-B2F0-2E36497A687B}.Debug|Any CPU.Build.0 = Debug|Any CPU
		{375A5013-143E-4283-B2F0-2E36497A687B}.Release|Any CPU.ActiveCfg = Release|Any CPU
		{375A5013-143E-4283-B2F0-2E36497A687B}.Release|Any CPU.Build.0 = Release|Any CPU
		{7C39F765-F5C1-43D8-8B50-ECADF412E61B}.Debug|Any CPU.ActiveCfg = Debug|Any CPU
		{7C39F765-F5C1-43D8-8B50-ECADF412E61B}.Debug|Any CPU.Build.0 = Debug|Any CPU
		{7C39F765-F5C1-43D8-8B50-ECADF412E61B}.Release|Any CPU.ActiveCfg = Release|Any CPU
		{7C39F765-F5C1-43D8-8B50-ECADF412E61B}.Release|Any CPU.Build.0 = Release|Any CPU
		{54D7B21B-CC82-43FC-A1F6-DBB7DAF0A0A0}.Debug|Any CPU.ActiveCfg = Debug|Any CPU
		{54D7B21B-CC82-43FC-A1F6-DBB7DAF0A0A0}.Debug|Any CPU.Build.0 = Debug|Any CPU
		{54D7B21B-CC82-43FC-A1F6-DBB7DAF0A0A0}.Release|Any CPU.ActiveCfg = Release|Any CPU
		{54D7B21B-CC82-43FC-A1F6-DBB7DAF0A0A0}.Release|Any CPU.Build.0 = Release|Any CPU
		{BC80D61C-AEC4-4573-8CE7-DDC8A6A8FD8A}.Debug|Any CPU.ActiveCfg = Debug|Any CPU
		{BC80D61C-AEC4-4573-8CE7-DDC8A6A8FD8A}.Debug|Any CPU.Build.0 = Debug|Any CPU
		{BC80D61C-AEC4-4573-8CE7-DDC8A6A8FD8A}.Release|Any CPU.ActiveCfg = Release|Any CPU
		{BC80D61C-AEC4-4573-8CE7-DDC8A6A8FD8A}.Release|Any CPU.Build.0 = Release|Any CPU
		{A97CDBAC-2BD6-4FAD-8F49-35F9E112AF0C}.Debug|Any CPU.ActiveCfg = Debug|Any CPU
		{A97CDBAC-2BD6-4FAD-8F49-35F9E112AF0C}.Debug|Any CPU.Build.0 = Debug|Any CPU
		{A97CDBAC-2BD6-4FAD-8F49-35F9E112AF0C}.Release|Any CPU.ActiveCfg = Release|Any CPU
		{A97CDBAC-2BD6-4FAD-8F49-35F9E112AF0C}.Release|Any CPU.Build.0 = Release|Any CPU
	EndGlobalSection
	GlobalSection(SolutionProperties) = preSolution
		HideSolutionNode = FALSE
	EndGlobalSection
	GlobalSection(NestedProjects) = preSolution
		{A31B0701-3FE2-4206-AF15-0ADBC837FDF3} = {1D447637-AC20-4353-A902-5A12C5488391}
		{DBF2F415-EA2E-41E6-B943-939968505988} = {EA4F1D3D-01D4-4044-9F85-77DA47CD158B}
		{9960B96D-39FC-4271-8343-09BC7C466D49} = {EA4F1D3D-01D4-4044-9F85-77DA47CD158B}
		{5B1D5E00-9A41-4A3C-AC43-6ACDA3914B20} = {EA4F1D3D-01D4-4044-9F85-77DA47CD158B}
		{F8F2A9C7-CA62-4CDF-83F5-782770D56A94} = {EA4F1D3D-01D4-4044-9F85-77DA47CD158B}
		{62AF1417-FB78-4037-9B90-385E3D9BE325} = {A1611BEF-338B-4817-AB8C-35D17D4BBD1D}
		{06BF29A9-2B8D-424B-8F4C-ACA7F829BD37} = {9A07657E-BCA5-4400-9474-DCB846148673}
		{1D447637-AC20-4353-A902-5A12C5488391} = {06BF29A9-2B8D-424B-8F4C-ACA7F829BD37}
		{0F08E9F9-3A8F-4E92-AD02-86C15F563A4E} = {06BF29A9-2B8D-424B-8F4C-ACA7F829BD37}
		{375A5013-143E-4283-B2F0-2E36497A687B} = {1D447637-AC20-4353-A902-5A12C5488391}
		{7C39F765-F5C1-43D8-8B50-ECADF412E61B} = {1D447637-AC20-4353-A902-5A12C5488391}
		{54D7B21B-CC82-43FC-A1F6-DBB7DAF0A0A0} = {EA4F1D3D-01D4-4044-9F85-77DA47CD158B}
		{BC80D61C-AEC4-4573-8CE7-DDC8A6A8FD8A} = {1D447637-AC20-4353-A902-5A12C5488391}
		{A97CDBAC-2BD6-4FAD-8F49-35F9E112AF0C} = {A1611BEF-338B-4817-AB8C-35D17D4BBD1D}
	EndGlobalSection
EndGlobal
